
Microsoft Visual Studio Solution File, Format Version 12.00
# Visual Studio Version 17
VisualStudioVersion = 17.10.35027.167
MinimumVisualStudioVersion = 10.0.40219.1
Project("{FAE04EC0-301F-11D3-BF4B-00C04F79EFBC}") = "MauiApp2", "MauiApp2.csproj", "{EB7B9ED1-FBBD-425C-AC7C-BD966A640FCA}"
EndProject
Global
	GlobalSection(SolutionConfigurationPlatforms) = preSolution
		Debug|Any CPU = Debug|Any CPU
		Release|Any CPU = Release|Any CPU
	EndGlobalSection
	GlobalSection(ProjectConfigurationPlatforms) = postSolution
		{EB7B9ED1-FBBD-425C-AC7C-BD966A640FCA}.Debug|Any CPU.ActiveCfg = Debug|Any CPU
		{EB7B9ED1-FBBD-425C-AC7C-BD966A640FCA}.Debug|Any CPU.Build.0 = Debug|Any CPU
		{EB7B9ED1-FBBD-425C-AC7C-BD966A640FCA}.Debug|Any CPU.Deploy.0 = Debug|Any CPU
		{EB7B9ED1-FBBD-425C-AC7C-BD966A640FCA}.Release|Any CPU.ActiveCfg = Release|Any CPU
		{EB7B9ED1-FBBD-425C-AC7C-BD966A640FCA}.Release|Any CPU.Build.0 = Release|Any CPU
		{EB7B9ED1-FBBD-425C-AC7C-BD966A640FCA}.Release|Any CPU.Deploy.0 = Release|Any CPU
	EndGlobalSection
	GlobalSection(SolutionProperties) = preSolution
		HideSolutionNode = FALSE
	EndGlobalSection
	GlobalSection(ExtensibilityGlobals) = postSolution
		SolutionGuid = {7CD2CCFC-DE1E-429E-9BCA-AC365271649C}
	EndGlobalSection
EndGlobal
